
Microsoft Visual Studio Solution File, Format Version 12.00
# Visual Studio Version 17
VisualStudioVersion = 17.7.34024.191
MinimumVisualStudioVersion = 10.0.40219.1
Project("{FAE04EC0-301F-11D3-BF4B-00C04F79EFBC}") = "ANK15hamburgeruygulama", "ANK15hamburgeruygulama\ANK15hamburgeruygulama.csproj", "{AFD44D44-2215-49EF-B894-0A18625C1801}"
EndProject
Global
	GlobalSection(SolutionConfigurationPlatforms) = preSolution
		Debug|Any CPU = Debug|Any CPU
		Release|Any CPU = Release|Any CPU
	EndGlobalSection
	GlobalSection(ProjectConfigurationPlatforms) = postSolution
		{AFD44D44-2215-49EF-B894-0A18625C1801}.Debug|Any CPU.ActiveCfg = Debug|Any CPU
		{AFD44D44-2215-49EF-B894-0A18625C1801}.Debug|Any CPU.Build.0 = Debug|Any CPU
		{AFD44D44-2215-49EF-B894-0A18625C1801}.Release|Any CPU.ActiveCfg = Release|Any CPU
		{AFD44D44-2215-49EF-B894-0A18625C1801}.Release|Any CPU.Build.0 = Release|Any CPU
	EndGlobalSection
	GlobalSection(SolutionProperties) = preSolution
		HideSolutionNode = FALSE
	EndGlobalSection
	GlobalSection(ExtensibilityGlobals) = postSolution
		SolutionGuid = {47E64DAC-E19B-40F5-8524-873545233E14}
	EndGlobalSection
EndGlobal
